// !$*UTF8*$!
{
	archiveVersion = 1;
	classes = {
	};
	objectVersion = 48;
	objects = {

/* Begin PBXBuildFile section */
		1AC92DD220C04E7600E7EDB4 /* AppDelegate.swift in Sources */ = {isa = PBXBuildFile; fileRef = 1AC92DD120C04E7600E7EDB4 /* AppDelegate.swift */; };
		1AC92DD920C04E7600E7EDB4 /* Assets.xcassets in Resources */ = {isa = PBXBuildFile; fileRef = 1AC92DD820C04E7600E7EDB4 /* Assets.xcassets */; };
		1AC92DDC20C04E7600E7EDB4 /* LaunchScreen.storyboard in Resources */ = {isa = PBXBuildFile; fileRef = 1AC92DDA20C04E7600E7EDB4 /* LaunchScreen.storyboard */; };
		1AC92DE720C04F9500E7EDB4 /* BasePresenter.swift in Sources */ = {isa = PBXBuildFile; fileRef = 1AC92DE620C04F9500E7EDB4 /* BasePresenter.swift */; };
		1AC92DE920C04FA400E7EDB4 /* BaseViewController.swift in Sources */ = {isa = PBXBuildFile; fileRef = 1AC92DE820C04FA400E7EDB4 /* BaseViewController.swift */; };
		1AC92DEE20C050C400E7EDB4 /* SearchNewsViewController.swift in Sources */ = {isa = PBXBuildFile; fileRef = 1AC92DEC20C050C400E7EDB4 /* SearchNewsViewController.swift */; };
		1AC92DEF20C050C400E7EDB4 /* SearchNewsViewController.xib in Resources */ = {isa = PBXBuildFile; fileRef = 1AC92DED20C050C400E7EDB4 /* SearchNewsViewController.xib */; };
		1AC92DF120C0516200E7EDB4 /* SearchNewsPresenter.swift in Sources */ = {isa = PBXBuildFile; fileRef = 1AC92DF020C0516200E7EDB4 /* SearchNewsPresenter.swift */; };
		1AC92DF320C0517A00E7EDB4 /* SearchNewsInteractor.swift in Sources */ = {isa = PBXBuildFile; fileRef = 1AC92DF220C0517A00E7EDB4 /* SearchNewsInteractor.swift */; };
		1AC92DF520C0518600E7EDB4 /* SearchNewsDataManager.swift in Sources */ = {isa = PBXBuildFile; fileRef = 1AC92DF420C0518600E7EDB4 /* SearchNewsDataManager.swift */; };
		1AC92DF720C0519200E7EDB4 /* SearchNewsApiClient.swift in Sources */ = {isa = PBXBuildFile; fileRef = 1AC92DF620C0519200E7EDB4 /* SearchNewsApiClient.swift */; };
		1AC92DF920C0519E00E7EDB4 /* SearchNewsWireframe.swift in Sources */ = {isa = PBXBuildFile; fileRef = 1AC92DF820C0519E00E7EDB4 /* SearchNewsWireframe.swift */; };
/* End PBXBuildFile section */

/* Begin PBXFileReference section */
		1AC92DCE20C04E7600E7EDB4 /* NYTMostPopularAPI.app */ = {isa = PBXFileReference; explicitFileType = wrapper.application; includeInIndex = 0; path = NYTMostPopularAPI.app; sourceTree = BUILT_PRODUCTS_DIR; };
		1AC92DD120C04E7600E7EDB4 /* AppDelegate.swift */ = {isa = PBXFileReference; lastKnownFileType = sourcecode.swift; path = AppDelegate.swift; sourceTree = "<group>"; };
		1AC92DD820C04E7600E7EDB4 /* Assets.xcassets */ = {isa = PBXFileReference; lastKnownFileType = folder.assetcatalog; path = Assets.xcassets; sourceTree = "<group>"; };
		1AC92DDB20C04E7600E7EDB4 /* Base */ = {isa = PBXFileReference; lastKnownFileType = file.storyboard; name = Base; path = Base.lproj/LaunchScreen.storyboard; sourceTree = "<group>"; };
		1AC92DDD20C04E7600E7EDB4 /* Info.plist */ = {isa = PBXFileReference; lastKnownFileType = text.plist.xml; path = Info.plist; sourceTree = "<group>"; };
		1AC92DE620C04F9500E7EDB4 /* BasePresenter.swift */ = {isa = PBXFileReference; lastKnownFileType = sourcecode.swift; path = BasePresenter.swift; sourceTree = "<group>"; };
		1AC92DE820C04FA400E7EDB4 /* BaseViewController.swift */ = {isa = PBXFileReference; lastKnownFileType = sourcecode.swift; path = BaseViewController.swift; sourceTree = "<group>"; };
		1AC92DEC20C050C400E7EDB4 /* SearchNewsViewController.swift */ = {isa = PBXFileReference; lastKnownFileType = sourcecode.swift; path = SearchNewsViewController.swift; sourceTree = "<group>"; };
		1AC92DED20C050C400E7EDB4 /* SearchNewsViewController.xib */ = {isa = PBXFileReference; lastKnownFileType = file.xib; path = SearchNewsViewController.xib; sourceTree = "<group>"; };
		1AC92DF020C0516200E7EDB4 /* SearchNewsPresenter.swift */ = {isa = PBXFileReference; lastKnownFileType = sourcecode.swift; path = SearchNewsPresenter.swift; sourceTree = "<group>"; };
		1AC92DF220C0517A00E7EDB4 /* SearchNewsInteractor.swift */ = {isa = PBXFileReference; lastKnownFileType = sourcecode.swift; path = SearchNewsInteractor.swift; sourceTree = "<group>"; };
		1AC92DF420C0518600E7EDB4 /* SearchNewsDataManager.swift */ = {isa = PBXFileReference; lastKnownFileType = sourcecode.swift; path = SearchNewsDataManager.swift; sourceTree = "<group>"; };
		1AC92DF620C0519200E7EDB4 /* SearchNewsApiClient.swift */ = {isa = PBXFileReference; lastKnownFileType = sourcecode.swift; path = SearchNewsApiClient.swift; sourceTree = "<group>"; };
		1AC92DF820C0519E00E7EDB4 /* SearchNewsWireframe.swift */ = {isa = PBXFileReference; lastKnownFileType = sourcecode.swift; path = SearchNewsWireframe.swift; sourceTree = "<group>"; };
/* End PBXFileReference section */

/* Begin PBXFrameworksBuildPhase section */
		1AC92DCB20C04E7600E7EDB4 /* Frameworks */ = {
			isa = PBXFrameworksBuildPhase;
			buildActionMask = 2147483647;
			files = (
			);
			runOnlyForDeploymentPostprocessing = 0;
		};
/* End PBXFrameworksBuildPhase section */

/* Begin PBXGroup section */
		1AC92DC520C04E7600E7EDB4 = {
			isa = PBXGroup;
			children = (
				1AC92DD020C04E7600E7EDB4 /* NYTMostPopularAPI */,
				1AC92DCF20C04E7600E7EDB4 /* Products */,
			);
			sourceTree = "<group>";
		};
		1AC92DCF20C04E7600E7EDB4 /* Products */ = {
			isa = PBXGroup;
			children = (
				1AC92DCE20C04E7600E7EDB4 /* NYTMostPopularAPI.app */,
			);
			name = Products;
			sourceTree = "<group>";
		};
		1AC92DD020C04E7600E7EDB4 /* NYTMostPopularAPI */ = {
			isa = PBXGroup;
			children = (
				1AC92DE320C04F7B00E7EDB4 /* Common */,
				1AC92DE520C04F8300E7EDB4 /* Modules */,
				1AC92DD120C04E7600E7EDB4 /* AppDelegate.swift */,
				1AC92DD820C04E7600E7EDB4 /* Assets.xcassets */,
				1AC92DDA20C04E7600E7EDB4 /* LaunchScreen.storyboard */,
				1AC92DDD20C04E7600E7EDB4 /* Info.plist */,
			);
			path = NYTMostPopularAPI;
			sourceTree = "<group>";
		};
		1AC92DE320C04F7B00E7EDB4 /* Common */ = {
			isa = PBXGroup;
			children = (
				1AC92DE420C04F7B00E7EDB4 /* Base */,
			);
			path = Common;
			sourceTree = "<group>";
		};
		1AC92DE420C04F7B00E7EDB4 /* Base */ = {
			isa = PBXGroup;
			children = (
				1AC92DE620C04F9500E7EDB4 /* BasePresenter.swift */,
				1AC92DE820C04FA400E7EDB4 /* BaseViewController.swift */,
			);
			path = Base;
			sourceTree = "<group>";
		};
		1AC92DE520C04F8300E7EDB4 /* Modules */ = {
			isa = PBXGroup;
			children = (
				1AC92DEA20C050A300E7EDB4 /* SearchNews */,
			);
			path = Modules;
			sourceTree = "<group>";
		};
		1AC92DEA20C050A300E7EDB4 /* SearchNews */ = {
			isa = PBXGroup;
			children = (
				1AC92DEB20C050A300E7EDB4 /* View */,
				1AC92DF020C0516200E7EDB4 /* SearchNewsPresenter.swift */,
				1AC92DF220C0517A00E7EDB4 /* SearchNewsInteractor.swift */,
				1AC92DF420C0518600E7EDB4 /* SearchNewsDataManager.swift */,
				1AC92DF620C0519200E7EDB4 /* SearchNewsApiClient.swift */,
				1AC92DF820C0519E00E7EDB4 /* SearchNewsWireframe.swift */,
			);
			path = SearchNews;
			sourceTree = "<group>";
		};
		1AC92DEB20C050A300E7EDB4 /* View */ = {
			isa = PBXGroup;
			children = (
				1AC92DEC20C050C400E7EDB4 /* SearchNewsViewController.swift */,
				1AC92DED20C050C400E7EDB4 /* SearchNewsViewController.xib */,
			);
			path = View;
			sourceTree = "<group>";
		};
/* End PBXGroup section */

/* Begin PBXNativeTarget section */
		1AC92DCD20C04E7600E7EDB4 /* NYTMostPopularAPI */ = {
			isa = PBXNativeTarget;
			buildConfigurationList = 1AC92DE020C04E7600E7EDB4 /* Build configuration list for PBXNativeTarget "NYTMostPopularAPI" */;
			buildPhases = (
				1AC92DCA20C04E7600E7EDB4 /* Sources */,
				1AC92DCB20C04E7600E7EDB4 /* Frameworks */,
				1AC92DCC20C04E7600E7EDB4 /* Resources */,
			);
			buildRules = (
			);
			dependencies = (
			);
			name = NYTMostPopularAPI;
			productName = NYTMostPopularAPI;
			productReference = 1AC92DCE20C04E7600E7EDB4 /* NYTMostPopularAPI.app */;
			productType = "com.apple.product-type.application";
		};
/* End PBXNativeTarget section */

/* Begin PBXProject section */
		1AC92DC620C04E7600E7EDB4 /* Project object */ = {
			isa = PBXProject;
			attributes = {
				LastSwiftUpdateCheck = 0920;
				LastUpgradeCheck = 0920;
				ORGANIZATIONNAME = "José María Jiménez";
				TargetAttributes = {
					1AC92DCD20C04E7600E7EDB4 = {
						CreatedOnToolsVersion = 9.2;
						ProvisioningStyle = Manual;
					};
				};
			};
			buildConfigurationList = 1AC92DC920C04E7600E7EDB4 /* Build configuration list for PBXProject "NYTMostPopularAPI" */;
			compatibilityVersion = "Xcode 8.0";
			developmentRegion = en;
			hasScannedForEncodings = 0;
			knownRegions = (
				en,
				Base,
			);
			mainGroup = 1AC92DC520C04E7600E7EDB4;
			productRefGroup = 1AC92DCF20C04E7600E7EDB4 /* Products */;
			projectDirPath = "";
			projectRoot = "";
			targets = (
				1AC92DCD20C04E7600E7EDB4 /* NYTMostPopularAPI */,
			);
		};
/* End PBXProject section */

/* Begin PBXResourcesBuildPhase section */
		1AC92DCC20C04E7600E7EDB4 /* Resources */ = {
			isa = PBXResourcesBuildPhase;
			buildActionMask = 2147483647;
			files = (
				1AC92DEF20C050C400E7EDB4 /* SearchNewsViewController.xib in Resources */,
				1AC92DDC20C04E7600E7EDB4 /* LaunchScreen.storyboard in Resources */,
				1AC92DD920C04E7600E7EDB4 /* Assets.xcassets in Resources */,
			);
			runOnlyForDeploymentPostprocessing = 0;
		};
/* End PBXResourcesBuildPhase section */

/* Begin PBXSourcesBuildPhase section */
		1AC92DCA20C04E7600E7EDB4 /* Sources */ = {
			isa = PBXSourcesBuildPhase;
			buildActionMask = 2147483647;
			files = (
				1AC92DF720C0519200E7EDB4 /* SearchNewsApiClient.swift in Sources */,
				1AC92DF920C0519E00E7EDB4 /* SearchNewsWireframe.swift in Sources */,
				1AC92DE920C04FA400E7EDB4 /* BaseViewController.swift in Sources */,
				1AC92DD220C04E7600E7EDB4 /* AppDelegate.swift in Sources */,
				1AC92DF120C0516200E7EDB4 /* SearchNewsPresenter.swift in Sources */,
				1AC92DF520C0518600E7EDB4 /* SearchNewsDataManager.swift in Sources */,
				1AC92DE720C04F9500E7EDB4 /* BasePresenter.swift in Sources */,
				1AC92DEE20C050C400E7EDB4 /* SearchNewsViewController.swift in Sources */,
				1AC92DF320C0517A00E7EDB4 /* SearchNewsInteractor.swift in Sources */,
			);
			runOnlyForDeploymentPostprocessing = 0;
		};
/* End PBXSourcesBuildPhase section */

/* Begin PBXVariantGroup section */
		1AC92DDA20C04E7600E7EDB4 /* LaunchScreen.storyboard */ = {
			isa = PBXVariantGroup;
			children = (
				1AC92DDB20C04E7600E7EDB4 /* Base */,
			);
			name = LaunchScreen.storyboard;
			sourceTree = "<group>";
		};
/* End PBXVariantGroup section */

/* Begin XCBuildConfiguration section */
		1AC92DDE20C04E7600E7EDB4 /* Debug */ = {
			isa = XCBuildConfiguration;
			buildSettings = {
				ALWAYS_SEARCH_USER_PATHS = NO;
				CLANG_ANALYZER_NONNULL = YES;
				CLANG_ANALYZER_NUMBER_OBJECT_CONVERSION = YES_AGGRESSIVE;
				CLANG_CXX_LANGUAGE_STANDARD = "gnu++14";
				CLANG_CXX_LIBRARY = "libc++";
				CLANG_ENABLE_MODULES = YES;
				CLANG_ENABLE_OBJC_ARC = YES;
				CLANG_WARN_BLOCK_CAPTURE_AUTORELEASING = YES;
				CLANG_WARN_BOOL_CONVERSION = YES;
				CLANG_WARN_COMMA = YES;
				CLANG_WARN_CONSTANT_CONVERSION = YES;
				CLANG_WARN_DIRECT_OBJC_ISA_USAGE = YES_ERROR;
				CLANG_WARN_DOCUMENTATION_COMMENTS = YES;
				CLANG_WARN_EMPTY_BODY = YES;
				CLANG_WARN_ENUM_CONVERSION = YES;
				CLANG_WARN_INFINITE_RECURSION = YES;
				CLANG_WARN_INT_CONVERSION = YES;
				CLANG_WARN_NON_LITERAL_NULL_CONVERSION = YES;
				CLANG_WARN_OBJC_LITERAL_CONVERSION = YES;
				CLANG_WARN_OBJC_ROOT_CLASS = YES_ERROR;
				CLANG_WARN_RANGE_LOOP_ANALYSIS = YES;
				CLANG_WARN_STRICT_PROTOTYPES = YES;
				CLANG_WARN_SUSPICIOUS_MOVE = YES;
				CLANG_WARN_UNGUARDED_AVAILABILITY = YES_AGGRESSIVE;
				CLANG_WARN_UNREACHABLE_CODE = YES;
				CLANG_WARN__DUPLICATE_METHOD_MATCH = YES;
				CODE_SIGN_IDENTITY = "iPhone Developer";
				COPY_PHASE_STRIP = NO;
				DEBUG_INFORMATION_FORMAT = dwarf;
				ENABLE_STRICT_OBJC_MSGSEND = YES;
				ENABLE_TESTABILITY = YES;
				GCC_C_LANGUAGE_STANDARD = gnu11;
				GCC_DYNAMIC_NO_PIC = NO;
				GCC_NO_COMMON_BLOCKS = YES;
				GCC_OPTIMIZATION_LEVEL = 0;
				GCC_PREPROCESSOR_DEFINITIONS = (
					"DEBUG=1",
					"$(inherited)",
				);
				GCC_WARN_64_TO_32_BIT_CONVERSION = YES;
				GCC_WARN_ABOUT_RETURN_TYPE = YES_ERROR;
				GCC_WARN_UNDECLARED_SELECTOR = YES;
				GCC_WARN_UNINITIALIZED_AUTOS = YES_AGGRESSIVE;
				GCC_WARN_UNUSED_FUNCTION = YES;
				GCC_WARN_UNUSED_VARIABLE = YES;
				IPHONEOS_DEPLOYMENT_TARGET = 11.2;
				MTL_ENABLE_DEBUG_INFO = YES;
				ONLY_ACTIVE_ARCH = YES;
				SDKROOT = iphoneos;
				SWIFT_ACTIVE_COMPILATION_CONDITIONS = DEBUG;
				SWIFT_OPTIMIZATION_LEVEL = "-Onone";
			};
			name = Debug;
		};
		1AC92DDF20C04E7600E7EDB4 /* Release */ = {
			isa = XCBuildConfiguration;
			buildSettings = {
				ALWAYS_SEARCH_USER_PATHS = NO;
				CLANG_ANALYZER_NONNULL = YES;
				CLANG_ANALYZER_NUMBER_OBJECT_CONVERSION = YES_AGGRESSIVE;
				CLANG_CXX_LANGUAGE_STANDARD = "gnu++14";
				CLANG_CXX_LIBRARY = "libc++";
				CLANG_ENABLE_MODULES = YES;
				CLANG_ENABLE_OBJC_ARC = YES;
				CLANG_WARN_BLOCK_CAPTURE_AUTORELEASING = YES;
				CLANG_WARN_BOOL_CONVERSION = YES;
				CLANG_WARN_COMMA = YES;
				CLANG_WARN_CONSTANT_CONVERSION = YES;
				CLANG_WARN_DIRECT_OBJC_ISA_USAGE = YES_ERROR;
				CLANG_WARN_DOCUMENTATION_COMMENTS = YES;
				CLANG_WARN_EMPTY_BODY = YES;
				CLANG_WARN_ENUM_CONVERSION = YES;
				CLANG_WARN_INFINITE_RECURSION = YES;
				CLANG_WARN_INT_CONVERSION = YES;
				CLANG_WARN_NON_LITERAL_NULL_CONVERSION = YES;
				CLANG_WARN_OBJC_LITERAL_CONVERSION = YES;
				CLANG_WARN_OBJC_ROOT_CLASS = YES_ERROR;
				CLANG_WARN_RANGE_LOOP_ANALYSIS = YES;
				CLANG_WARN_STRICT_PROTOTYPES = YES;
				CLANG_WARN_SUSPICIOUS_MOVE = YES;
				CLANG_WARN_UNGUARDED_AVAILABILITY = YES_AGGRESSIVE;
				CLANG_WARN_UNREACHABLE_CODE = YES;
				CLANG_WARN__DUPLICATE_METHOD_MATCH = YES;
				CODE_SIGN_IDENTITY = "iPhone Developer";
				COPY_PHASE_STRIP = NO;
				DEBUG_INFORMATION_FORMAT = "dwarf-with-dsym";
				ENABLE_NS_ASSERTIONS = NO;
				ENABLE_STRICT_OBJC_MSGSEND = YES;
				GCC_C_LANGUAGE_STANDARD = gnu11;
				GCC_NO_COMMON_BLOCKS = YES;
				GCC_WARN_64_TO_32_BIT_CONVERSION = YES;
				GCC_WARN_ABOUT_RETURN_TYPE = YES_ERROR;
				GCC_WARN_UNDECLARED_SELECTOR = YES;
				GCC_WARN_UNINITIALIZED_AUTOS = YES_AGGRESSIVE;
				GCC_WARN_UNUSED_FUNCTION = YES;
				GCC_WARN_UNUSED_VARIABLE = YES;
				IPHONEOS_DEPLOYMENT_TARGET = 11.2;
				MTL_ENABLE_DEBUG_INFO = NO;
				SDKROOT = iphoneos;
				SWIFT_OPTIMIZATION_LEVEL = "-Owholemodule";
				VALIDATE_PRODUCT = YES;
			};
			name = Release;
		};
		1AC92DE120C04E7600E7EDB4 /* Debug */ = {
			isa = XCBuildConfiguration;
			buildSettings = {
				ASSETCATALOG_COMPILER_APPICON_NAME = AppIcon;
				CODE_SIGN_STYLE = Manual;
				DEVELOPMENT_TEAM = "";
				INFOPLIST_FILE = NYTMostPopularAPI/Info.plist;
				LD_RUNPATH_SEARCH_PATHS = "$(inherited) @executable_path/Frameworks";
				PRODUCT_BUNDLE_IDENTIFIER = net.ddns.dam2chema.NYTMostPopularAPI;
				PRODUCT_NAME = "$(TARGET_NAME)";
				PROVISIONING_PROFILE_SPECIFIER = "";
				SWIFT_VERSION = 4.0;
				TARGETED_DEVICE_FAMILY = 1;
			};
			name = Debug;
		};
		1AC92DE220C04E7600E7EDB4 /* Release */ = {
			isa = XCBuildConfiguration;
			buildSettings = {
				ASSETCATALOG_COMPILER_APPICON_NAME = AppIcon;
				CODE_SIGN_STYLE = Manual;
				DEVELOPMENT_TEAM = "";
				INFOPLIST_FILE = NYTMostPopularAPI/Info.plist;
				LD_RUNPATH_SEARCH_PATHS = "$(inherited) @executable_path/Frameworks";
				PRODUCT_BUNDLE_IDENTIFIER = net.ddns.dam2chema.NYTMostPopularAPI;
				PRODUCT_NAME = "$(TARGET_NAME)";
				PROVISIONING_PROFILE_SPECIFIER = "";
				SWIFT_VERSION = 4.0;
				TARGETED_DEVICE_FAMILY = 1;
			};
			name = Release;
		};
/* End XCBuildConfiguration section */

/* Begin XCConfigurationList section */
		1AC92DC920C04E7600E7EDB4 /* Build configuration list for PBXProject "NYTMostPopularAPI" */ = {
			isa = XCConfigurationList;
			buildConfigurations = (
				1AC92DDE20C04E7600E7EDB4 /* Debug */,
				1AC92DDF20C04E7600E7EDB4 /* Release */,
			);
			defaultConfigurationIsVisible = 0;
			defaultConfigurationName = Release;
		};
		1AC92DE020C04E7600E7EDB4 /* Build configuration list for PBXNativeTarget "NYTMostPopularAPI" */ = {
			isa = XCConfigurationList;
			buildConfigurations = (
				1AC92DE120C04E7600E7EDB4 /* Debug */,
				1AC92DE220C04E7600E7EDB4 /* Release */,
			);
			defaultConfigurationIsVisible = 0;
			defaultConfigurationName = Release;
		};
/* End XCConfigurationList section */
	};
	rootObject = 1AC92DC620C04E7600E7EDB4 /* Project object */;
}
